// !$*UTF8*$!
{
	archiveVersion = 1;
	classes = {
	};
	objectVersion = 46;
	objects = {

/* Begin PBXBuildFile section */
		CFC3CEEA18FCB58900ACC571 /* Foundation.framework in Frameworks */ = {isa = PBXBuildFile; fileRef = CFC3CEE918FCB58900ACC571 /* Foundation.framework */; };
		CFC3CEEC18FCB58900ACC571 /* CoreGraphics.framework in Frameworks */ = {isa = PBXBuildFile; fileRef = CFC3CEEB18FCB58900ACC571 /* CoreGraphics.framework */; };
		CFC3CEEE18FCB58900ACC571 /* UIKit.framework in Frameworks */ = {isa = PBXBuildFile; fileRef = CFC3CEED18FCB58900ACC571 /* UIKit.framework */; };
		CFC3CEF418FCB58900ACC571 /* InfoPlist.strings in Resources */ = {isa = PBXBuildFile; fileRef = CFC3CEF218FCB58900ACC571 /* InfoPlist.strings */; };
		CFC3CEF618FCB58900ACC571 /* main.m in Sources */ = {isa = PBXBuildFile; fileRef = CFC3CEF518FCB58900ACC571 /* main.m */; };
		CFC3CEFA18FCB58900ACC571 /* AppDelegate.m in Sources */ = {isa = PBXBuildFile; fileRef = CFC3CEF918FCB58900ACC571 /* AppDelegate.m */; };
		CFC3CEFD18FCB58900ACC571 /* Main.storyboard in Resources */ = {isa = PBXBuildFile; fileRef = CFC3CEFB18FCB58900ACC571 /* Main.storyboard */; };
		CFC3CF0018FCB58900ACC571 /* ViewController.m in Sources */ = {isa = PBXBuildFile; fileRef = CFC3CEFF18FCB58900ACC571 /* ViewController.m */; };
		CFC3CF0218FCB58900ACC571 /* Images.xcassets in Resources */ = {isa = PBXBuildFile; fileRef = CFC3CF0118FCB58900ACC571 /* Images.xcassets */; };
		CFC3CF0918FCB58900ACC571 /* XCTest.framework in Frameworks */ = {isa = PBXBuildFile; fileRef = CFC3CF0818FCB58900ACC571 /* XCTest.framework */; };
		CFC3CF0A18FCB58900ACC571 /* Foundation.framework in Frameworks */ = {isa = PBXBuildFile; fileRef = CFC3CEE918FCB58900ACC571 /* Foundation.framework */; };
		CFC3CF0B18FCB58900ACC571 /* UIKit.framework in Frameworks */ = {isa = PBXBuildFile; fileRef = CFC3CEED18FCB58900ACC571 /* UIKit.framework */; };
		CFC3CF1318FCB58900ACC571 /* InfoPlist.strings in Resources */ = {isa = PBXBuildFile; fileRef = CFC3CF1118FCB58900ACC571 /* InfoPlist.strings */; };
		CFC3CF1518FCB58900ACC571 /* CatAgeTests.m in Sources */ = {isa = PBXBuildFile; fileRef = CFC3CF1418FCB58900ACC571 /* CatAgeTests.m */; };
/* End PBXBuildFile section */

/* Begin PBXContainerItemProxy section */
		CFC3CF0C18FCB58900ACC571 /* PBXContainerItemProxy */ = {
			isa = PBXContainerItemProxy;
			containerPortal = CFC3CEDE18FCB58900ACC571 /* Project object */;
			proxyType = 1;
			remoteGlobalIDString = CFC3CEE518FCB58900ACC571;
			remoteInfo = CatAge;
		};
/* End PBXContainerItemProxy section */

/* Begin PBXFileReference section */
		CFC3CEE618FCB58900ACC571 /* CatAge.app */ = {isa = PBXFileReference; explicitFileType = wrapper.application; includeInIndex = 0; path = CatAge.app; sourceTree = BUILT_PRODUCTS_DIR; };
		CFC3CEE918FCB58900ACC571 /* Foundation.framework */ = {isa = PBXFileReference; lastKnownFileType = wrapper.framework; name = Foundation.framework; path = System/Library/Frameworks/Foundation.framework; sourceTree = SDKROOT; };
		CFC3CEEB18FCB58900ACC571 /* CoreGraphics.framework */ = {isa = PBXFileReference; lastKnownFileType = wrapper.framework; name = CoreGraphics.framework; path = System/Library/Frameworks/CoreGraphics.framework; sourceTree = SDKROOT; };
		CFC3CEED18FCB58900ACC571 /* UIKit.framework */ = {isa = PBXFileReference; lastKnownFileType = wrapper.framework; name = UIKit.framework; path = System/Library/Frameworks/UIKit.framework; sourceTree = SDKROOT; };
		CFC3CEF118FCB58900ACC571 /* CatAge-Info.plist */ = {isa = PBXFileReference; lastKnownFileType = text.plist.xml; path = "CatAge-Info.plist"; sourceTree = "<group>"; };
		CFC3CEF318FCB58900ACC571 /* en */ = {isa = PBXFileReference; lastKnownFileType = text.plist.strings; name = en; path = en.lproj/InfoPlist.strings; sourceTree = "<group>"; };
		CFC3CEF518FCB58900ACC571 /* main.m */ = {isa = PBXFileReference; lastKnownFileType = sourcecode.c.objc; path = main.m; sourceTree = "<group>"; };
		CFC3CEF718FCB58900ACC571 /* CatAge-Prefix.pch */ = {isa = PBXFileReference; lastKnownFileType = sourcecode.c.h; path = "CatAge-Prefix.pch"; sourceTree = "<group>"; };
		CFC3CEF818FCB58900ACC571 /* AppDelegate.h */ = {isa = PBXFileReference; lastKnownFileType = sourcecode.c.h; path = AppDelegate.h; sourceTree = "<group>"; };
		CFC3CEF918FCB58900ACC571 /* AppDelegate.m */ = {isa = PBXFileReference; lastKnownFileType = sourcecode.c.objc; path = AppDelegate.m; sourceTree = "<group>"; };
		CFC3CEFC18FCB58900ACC571 /* Base */ = {isa = PBXFileReference; lastKnownFileType = file.storyboard; name = Base; path = Base.lproj/Main.storyboard; sourceTree = "<group>"; };
		CFC3CEFE18FCB58900ACC571 /* ViewController.h */ = {isa = PBXFileReference; lastKnownFileType = sourcecode.c.h; path = ViewController.h; sourceTree = "<group>"; };
		CFC3CEFF18FCB58900ACC571 /* ViewController.m */ = {isa = PBXFileReference; lastKnownFileType = sourcecode.c.objc; path = ViewController.m; sourceTree = "<group>"; };
		CFC3CF0118FCB58900ACC571 /* Images.xcassets */ = {isa = PBXFileReference; lastKnownFileType = folder.assetcatalog; path = Images.xcassets; sourceTree = "<group>"; };
		CFC3CF0718FCB58900ACC571 /* CatAgeTests.xctest */ = {isa = PBXFileReference; explicitFileType = wrapper.cfbundle; includeInIndex = 0; path = CatAgeTests.xctest; sourceTree = BUILT_PRODUCTS_DIR; };
		CFC3CF0818FCB58900ACC571 /* XCTest.framework */ = {isa = PBXFileReference; lastKnownFileType = wrapper.framework; name = XCTest.framework; path = Library/Frameworks/XCTest.framework; sourceTree = DEVELOPER_DIR; };
		CFC3CF1018FCB58900ACC571 /* CatAgeTests-Info.plist */ = {isa = PBXFileReference; lastKnownFileType = text.plist.xml; path = "CatAgeTests-Info.plist"; sourceTree = "<group>"; };
		CFC3CF1218FCB58900ACC571 /* en */ = {isa = PBXFileReference; lastKnownFileType = text.plist.strings; name = en; path = en.lproj/InfoPlist.strings; sourceTree = "<group>"; };
		CFC3CF1418FCB58900ACC571 /* CatAgeTests.m */ = {isa = PBXFileReference; lastKnownFileType = sourcecode.c.objc; path = CatAgeTests.m; sourceTree = "<group>"; };
/* End PBXFileReference section */

/* Begin PBXFrameworksBuildPhase section */
		CFC3CEE318FCB58900ACC571 /* Frameworks */ = {
			isa = PBXFrameworksBuildPhase;
			buildActionMask = 2147483647;
			files = (
				CFC3CEEC18FCB58900ACC571 /* CoreGraphics.framework in Frameworks */,
				CFC3CEEE18FCB58900ACC571 /* UIKit.framework in Frameworks */,
				CFC3CEEA18FCB58900ACC571 /* Foundation.framework in Frameworks */,
			);
			runOnlyForDeploymentPostprocessing = 0;
		};
		CFC3CF0418FCB58900ACC571 /* Frameworks */ = {
			isa = PBXFrameworksBuildPhase;
			buildActionMask = 2147483647;
			files = (
				CFC3CF0918FCB58900ACC571 /* XCTest.framework in Frameworks */,
				CFC3CF0B18FCB58900ACC571 /* UIKit.framework in Frameworks */,
				CFC3CF0A18FCB58900ACC571 /* Foundation.framework in Frameworks */,
			);
			runOnlyForDeploymentPostprocessing = 0;
		};
/* End PBXFrameworksBuildPhase section */

/* Begin PBXGroup section */
		CFC3CEDD18FCB58900ACC571 = {
			isa = PBXGroup;
			children = (
				CFC3CEEF18FCB58900ACC571 /* CatAge */,
				CFC3CF0E18FCB58900ACC571 /* CatAgeTests */,
				CFC3CEE818FCB58900ACC571 /* Frameworks */,
				CFC3CEE718FCB58900ACC571 /* Products */,
			);
			sourceTree = "<group>";
		};
		CFC3CEE718FCB58900ACC571 /* Products */ = {
			isa = PBXGroup;
			children = (
				CFC3CEE618FCB58900ACC571 /* CatAge.app */,
				CFC3CF0718FCB58900ACC571 /* CatAgeTests.xctest */,
			);
			name = Products;
			sourceTree = "<group>";
		};
		CFC3CEE818FCB58900ACC571 /* Frameworks */ = {
			isa = PBXGroup;
			children = (
				CFC3CEE918FCB58900ACC571 /* Foundation.framework */,
				CFC3CEEB18FCB58900ACC571 /* CoreGraphics.framework */,
				CFC3CEED18FCB58900ACC571 /* UIKit.framework */,
				CFC3CF0818FCB58900ACC571 /* XCTest.framework */,
			);
			name = Frameworks;
			sourceTree = "<group>";
		};
		CFC3CEEF18FCB58900ACC571 /* CatAge */ = {
			isa = PBXGroup;
			children = (
				CFC3CEF818FCB58900ACC571 /* AppDelegate.h */,
				CFC3CEF918FCB58900ACC571 /* AppDelegate.m */,
				CFC3CEFB18FCB58900ACC571 /* Main.storyboard */,
				CFC3CEFE18FCB58900ACC571 /* ViewController.h */,
				CFC3CEFF18FCB58900ACC571 /* ViewController.m */,
				CFC3CF0118FCB58900ACC571 /* Images.xcassets */,
				CFC3CEF018FCB58900ACC571 /* Supporting Files */,
			);
			path = CatAge;
			sourceTree = "<group>";
		};
		CFC3CEF018FCB58900ACC571 /* Supporting Files */ = {
			isa = PBXGroup;
			children = (
				CFC3CEF118FCB58900ACC571 /* CatAge-Info.plist */,
				CFC3CEF218FCB58900ACC571 /* InfoPlist.strings */,
				CFC3CEF518FCB58900ACC571 /* main.m */,
				CFC3CEF718FCB58900ACC571 /* CatAge-Prefix.pch */,
			);
			name = "Supporting Files";
			sourceTree = "<group>";
		};
		CFC3CF0E18FCB58900ACC571 /* CatAgeTests */ = {
			isa = PBXGroup;
			children = (
				CFC3CF1418FCB58900ACC571 /* CatAgeTests.m */,
				CFC3CF0F18FCB58900ACC571 /* Supporting Files */,
			);
			path = CatAgeTests;
			sourceTree = "<group>";
		};
		CFC3CF0F18FCB58900ACC571 /* Supporting Files */ = {
			isa = PBXGroup;
			children = (
				CFC3CF1018FCB58900ACC571 /* CatAgeTests-Info.plist */,
				CFC3CF1118FCB58900ACC571 /* InfoPlist.strings */,
			);
			name = "Supporting Files";
			sourceTree = "<group>";
		};
/* End PBXGroup section */

/* Begin PBXNativeTarget section */
		CFC3CEE518FCB58900ACC571 /* CatAge */ = {
			isa = PBXNativeTarget;
			buildConfigurationList = CFC3CF1818FCB58900ACC571 /* Build configuration list for PBXNativeTarget "CatAge" */;
			buildPhases = (
				CFC3CEE218FCB58900ACC571 /* Sources */,
				CFC3CEE318FCB58900ACC571 /* Frameworks */,
				CFC3CEE418FCB58900ACC571 /* Resources */,
			);
			buildRules = (
			);
			dependencies = (
			);
			name = CatAge;
			productName = CatAge;
			productReference = CFC3CEE618FCB58900ACC571 /* CatAge.app */;
			productType = "com.apple.product-type.application";
		};
		CFC3CF0618FCB58900ACC571 /* CatAgeTests */ = {
			isa = PBXNativeTarget;
			buildConfigurationList = CFC3CF1B18FCB58900ACC571 /* Build configuration list for PBXNativeTarget "CatAgeTests" */;
			buildPhases = (
				CFC3CF0318FCB58900ACC571 /* Sources */,
				CFC3CF0418FCB58900ACC571 /* Frameworks */,
				CFC3CF0518FCB58900ACC571 /* Resources */,
			);
			buildRules = (
			);
			dependencies = (
				CFC3CF0D18FCB58900ACC571 /* PBXTargetDependency */,
			);
			name = CatAgeTests;
			productName = CatAgeTests;
			productReference = CFC3CF0718FCB58900ACC571 /* CatAgeTests.xctest */;
			productType = "com.apple.product-type.bundle.unit-test";
		};
/* End PBXNativeTarget section */

/* Begin PBXProject section */
		CFC3CEDE18FCB58900ACC571 /* Project object */ = {
			isa = PBXProject;
			attributes = {
				LastUpgradeCheck = 0510;
				ORGANIZATIONNAME = quantumman;
				TargetAttributes = {
					CFC3CF0618FCB58900ACC571 = {
						TestTargetID = CFC3CEE518FCB58900ACC571;
					};
				};
			};
			buildConfigurationList = CFC3CEE118FCB58900ACC571 /* Build configuration list for PBXProject "CatAge" */;
			compatibilityVersion = "Xcode 3.2";
			developmentRegion = English;
			hasScannedForEncodings = 0;
			knownRegions = (
				en,
				Base,
			);
			mainGroup = CFC3CEDD18FCB58900ACC571;
			productRefGroup = CFC3CEE718FCB58900ACC571 /* Products */;
			projectDirPath = "";
			projectRoot = "";
			targets = (
				CFC3CEE518FCB58900ACC571 /* CatAge */,
				CFC3CF0618FCB58900ACC571 /* CatAgeTests */,
			);
		};
/* End PBXProject section */

/* Begin PBXResourcesBuildPhase section */
		CFC3CEE418FCB58900ACC571 /* Resources */ = {
			isa = PBXResourcesBuildPhase;
			buildActionMask = 2147483647;
			files = (
				CFC3CF0218FCB58900ACC571 /* Images.xcassets in Resources */,
				CFC3CEF418FCB58900ACC571 /* InfoPlist.strings in Resources */,
				CFC3CEFD18FCB58900ACC571 /* Main.storyboard in Resources */,
			);
			runOnlyForDeploymentPostprocessing = 0;
		};
		CFC3CF0518FCB58900ACC571 /* Resources */ = {
			isa = PBXResourcesBuildPhase;
			buildActionMask = 2147483647;
			files = (
				CFC3CF1318FCB58900ACC571 /* InfoPlist.strings in Resources */,
			);
			runOnlyForDeploymentPostprocessing = 0;
		};
/* End PBXResourcesBuildPhase section */

/* Begin PBXSourcesBuildPhase section */
		CFC3CEE218FCB58900ACC571 /* Sources */ = {
			isa = PBXSourcesBuildPhase;
			buildActionMask = 2147483647;
			files = (
				CFC3CF0018FCB58900ACC571 /* ViewController.m in Sources */,
				CFC3CEFA18FCB58900ACC571 /* AppDelegate.m in Sources */,
				CFC3CEF618FCB58900ACC571 /* main.m in Sources */,
			);
			runOnlyForDeploymentPostprocessing = 0;
		};
		CFC3CF0318FCB58900ACC571 /* Sources */ = {
			isa = PBXSourcesBuildPhase;
			buildActionMask = 2147483647;
			files = (
				CFC3CF1518FCB58900ACC571 /* CatAgeTests.m in Sources */,
			);
			runOnlyForDeploymentPostprocessing = 0;
		};
/* End PBXSourcesBuildPhase section */

/* Begin PBXTargetDependency section */
		CFC3CF0D18FCB58900ACC571 /* PBXTargetDependency */ = {
			isa = PBXTargetDependency;
			target = CFC3CEE518FCB58900ACC571 /* CatAge */;
			targetProxy = CFC3CF0C18FCB58900ACC571 /* PBXContainerItemProxy */;
		};
/* End PBXTargetDependency section */

/* Begin PBXVariantGroup section */
		CFC3CEF218FCB58900ACC571 /* InfoPlist.strings */ = {
			isa = PBXVariantGroup;
			children = (
				CFC3CEF318FCB58900ACC571 /* en */,
			);
			name = InfoPlist.strings;
			sourceTree = "<group>";
		};
		CFC3CEFB18FCB58900ACC571 /* Main.storyboard */ = {
			isa = PBXVariantGroup;
			children = (
				CFC3CEFC18FCB58900ACC571 /* Base */,
			);
			name = Main.storyboard;
			sourceTree = "<group>";
		};
		CFC3CF1118FCB58900ACC571 /* InfoPlist.strings */ = {
			isa = PBXVariantGroup;
			children = (
				CFC3CF1218FCB58900ACC571 /* en */,
			);
			name = InfoPlist.strings;
			sourceTree = "<group>";
		};
/* End PBXVariantGroup section */

/* Begin XCBuildConfiguration section */
		CFC3CF1618FCB58900ACC571 /* Debug */ = {
			isa = XCBuildConfiguration;
			buildSettings = {
				ALWAYS_SEARCH_USER_PATHS = NO;
				CLANG_CXX_LANGUAGE_STANDARD = "gnu++0x";
				CLANG_CXX_LIBRARY = "libc++";
				CLANG_ENABLE_MODULES = YES;
				CLANG_ENABLE_OBJC_ARC = YES;
				CLANG_WARN_BOOL_CONVERSION = YES;
				CLANG_WARN_CONSTANT_CONVERSION = YES;
				CLANG_WARN_DIRECT_OBJC_ISA_USAGE = YES_ERROR;
				CLANG_WARN_EMPTY_BODY = YES;
				CLANG_WARN_ENUM_CONVERSION = YES;
				CLANG_WARN_INT_CONVERSION = YES;
				CLANG_WARN_OBJC_ROOT_CLASS = YES_ERROR;
				CLANG_WARN__DUPLICATE_METHOD_MATCH = YES;
				"CODE_SIGN_IDENTITY[sdk=iphoneos*]" = "iPhone Developer";
				COPY_PHASE_STRIP = NO;
				GCC_C_LANGUAGE_STANDARD = gnu99;
				GCC_DYNAMIC_NO_PIC = NO;
				GCC_OPTIMIZATION_LEVEL = 0;
				GCC_PREPROCESSOR_DEFINITIONS = (
					"DEBUG=1",
					"$(inherited)",
				);
				GCC_SYMBOLS_PRIVATE_EXTERN = NO;
				GCC_WARN_64_TO_32_BIT_CONVERSION = YES;
				GCC_WARN_ABOUT_RETURN_TYPE = YES_ERROR;
				GCC_WARN_UNDECLARED_SELECTOR = YES;
				GCC_WARN_UNINITIALIZED_AUTOS = YES_AGGRESSIVE;
				GCC_WARN_UNUSED_FUNCTION = YES;
				GCC_WARN_UNUSED_VARIABLE = YES;
				IPHONEOS_DEPLOYMENT_TARGET = 7.1;
				ONLY_ACTIVE_ARCH = YES;
				SDKROOT = iphoneos;
			};
			name = Debug;
		};
		CFC3CF1718FCB58900ACC571 /* Release */ = {
			isa = XCBuildConfiguration;
			buildSettings = {
				ALWAYS_SEARCH_USER_PATHS = NO;
				CLANG_CXX_LANGUAGE_STANDARD = "gnu++0x";
				CLANG_CXX_LIBRARY = "libc++";
				CLANG_ENABLE_MODULES = YES;
				CLANG_ENABLE_OBJC_ARC = YES;
				CLANG_WARN_BOOL_CONVERSION = YES;
				CLANG_WARN_CONSTANT_CONVERSION = YES;
				CLANG_WARN_DIRECT_OBJC_ISA_USAGE = YES_ERROR;
				CLANG_WARN_EMPTY_BODY = YES;
				CLANG_WARN_ENUM_CONVERSION = YES;
				CLANG_WARN_INT_CONVERSION = YES;
				CLANG_WARN_OBJC_ROOT_CLASS = YES_ERROR;
				CLANG_WARN__DUPLICATE_METHOD_MATCH = YES;
				"CODE_SIGN_IDENTITY[sdk=iphoneos*]" = "iPhone Developer";
				COPY_PHASE_STRIP = YES;
				ENABLE_NS_ASSERTIONS = NO;
				GCC_C_LANGUAGE_STANDARD = gnu99;
				GCC_WARN_64_TO_32_BIT_CONVERSION = YES;
				GCC_WARN_ABOUT_RETURN_TYPE = YES_ERROR;
				GCC_WARN_UNDECLARED_SELECTOR = YES;
				GCC_WARN_UNINITIALIZED_AUTOS = YES_AGGRESSIVE;
				GCC_WARN_UNUSED_FUNCTION = YES;
				GCC_WARN_UNUSED_VARIABLE = YES;
				IPHONEOS_DEPLOYMENT_TARGET = 7.1;
				SDKROOT = iphoneos;
				VALIDATE_PRODUCT = YES;
			};
			name = Release;
		};
		CFC3CF1918FCB58900ACC571 /* Debug */ = {
			isa = XCBuildConfiguration;
			buildSettings = {
				ASSETCATALOG_COMPILER_APPICON_NAME = AppIcon;
				ASSETCATALOG_COMPILER_LAUNCHIMAGE_NAME = LaunchImage;
				GCC_PRECOMPILE_PREFIX_HEADER = YES;
				GCC_PREFIX_HEADER = "CatAge/CatAge-Prefix.pch";
				INFOPLIST_FILE = "CatAge/CatAge-Info.plist";
				PRODUCT_NAME = "$(TARGET_NAME)";
				WRAPPER_EXTENSION = app;
			};
			name = Debug;
		};
		CFC3CF1A18FCB58900ACC571 /* Release */ = {
			isa = XCBuildConfiguration;
			buildSettings = {
				ASSETCATALOG_COMPILER_APPICON_NAME = AppIcon;
				ASSETCATALOG_COMPILER_LAUNCHIMAGE_NAME = LaunchImage;
				GCC_PRECOMPILE_PREFIX_HEADER = YES;
				GCC_PREFIX_HEADER = "CatAge/CatAge-Prefix.pch";
				INFOPLIST_FILE = "CatAge/CatAge-Info.plist";
				PRODUCT_NAME = "$(TARGET_NAME)";
				WRAPPER_EXTENSION = app;
			};
			name = Release;
		};
		CFC3CF1C18FCB58900ACC571 /* Debug */ = {
			isa = XCBuildConfiguration;
			buildSettings = {
				BUNDLE_LOADER = "$(BUILT_PRODUCTS_DIR)/CatAge.app/CatAge";
				FRAMEWORK_SEARCH_PATHS = (
					"$(SDKROOT)/Developer/Library/Frameworks",
					"$(inherited)",
					"$(DEVELOPER_FRAMEWORKS_DIR)",
				);
				GCC_PRECOMPILE_PREFIX_HEADER = YES;
				GCC_PREFIX_HEADER = "CatAge/CatAge-Prefix.pch";
				GCC_PREPROCESSOR_DEFINITIONS = (
					"DEBUG=1",
					"$(inherited)",
				);
				INFOPLIST_FILE = "CatAgeTests/CatAgeTests-Info.plist";
				PRODUCT_NAME = "$(TARGET_NAME)";
				TEST_HOST = "$(BUNDLE_LOADER)";
				WRAPPER_EXTENSION = xctest;
			};
			name = Debug;
		};
		CFC3CF1D18FCB58900ACC571 /* Release */ = {
			isa = XCBuildConfiguration;
			buildSettings = {
				BUNDLE_LOADER = "$(BUILT_PRODUCTS_DIR)/CatAge.app/CatAge";
				FRAMEWORK_SEARCH_PATHS = (
					"$(SDKROOT)/Developer/Library/Frameworks",
					"$(inherited)",
					"$(DEVELOPER_FRAMEWORKS_DIR)",
				);
				GCC_PRECOMPILE_PREFIX_HEADER = YES;
				GCC_PREFIX_HEADER = "CatAge/CatAge-Prefix.pch";
				INFOPLIST_FILE = "CatAgeTests/CatAgeTests-Info.plist";
				PRODUCT_NAME = "$(TARGET_NAME)";
				TEST_HOST = "$(BUNDLE_LOADER)";
				WRAPPER_EXTENSION = xctest;
			};
			name = Release;
		};
/* End XCBuildConfiguration section */

/* Begin XCConfigurationList section */
		CFC3CEE118FCB58900ACC571 /* Build configuration list for PBXProject "CatAge" */ = {
			isa = XCConfigurationList;
			buildConfigurations = (
				CFC3CF1618FCB58900ACC571 /* Debug */,
				CFC3CF1718FCB58900ACC571 /* Release */,
			);
			defaultConfigurationIsVisible = 0;
			defaultConfigurationName = Release;
		};
		CFC3CF1818FCB58900ACC571 /* Build configuration list for PBXNativeTarget "CatAge" */ = {
			isa = XCConfigurationList;
			buildConfigurations = (
				CFC3CF1918FCB58900ACC571 /* Debug */,
				CFC3CF1A18FCB58900ACC571 /* Release */,
			);
			defaultConfigurationIsVisible = 0;
		};
		CFC3CF1B18FCB58900ACC571 /* Build configuration list for PBXNativeTarget "CatAgeTests" */ = {
			isa = XCConfigurationList;
			buildConfigurations = (
				CFC3CF1C18FCB58900ACC571 /* Debug */,
				CFC3CF1D18FCB58900ACC571 /* Release */,
			);
			defaultConfigurationIsVisible = 0;
		};
/* End XCConfigurationList section */
	};
	rootObject = CFC3CEDE18FCB58900ACC571 /* Project object */;
}
